
Microsoft Visual Studio Solution File, Format Version 12.00
# Visual Studio Version 17
VisualStudioVersion = 17.1.32328.378
MinimumVisualStudioVersion = 10.0.40219.1
Project("{FAE04EC0-301F-11D3-BF4B-00C04F79EFBC}") = "Blazor_AppDoTempo_PWA_ConXeolocalizacion", "Blazor_AppDoTempo_PWA_ConXeolocalizacion\Blazor_AppDoTempo_PWA_ConXeolocalizacion.csproj", "{2151A045-4434-45AB-8455-5C2E587C22D6}"
EndProject
Global
	GlobalSection(SolutionConfigurationPlatforms) = preSolution
		Debug|Any CPU = Debug|Any CPU
		Release|Any CPU = Release|Any CPU
	EndGlobalSection
	GlobalSection(ProjectConfigurationPlatforms) = postSolution
		{2151A045-4434-45AB-8455-5C2E587C22D6}.Debug|Any CPU.ActiveCfg = Debug|Any CPU
		{2151A045-4434-45AB-8455-5C2E587C22D6}.Debug|Any CPU.Build.0 = Debug|Any CPU
		{2151A045-4434-45AB-8455-5C2E587C22D6}.Release|Any CPU.ActiveCfg = Release|Any CPU
		{2151A045-4434-45AB-8455-5C2E587C22D6}.Release|Any CPU.Build.0 = Release|Any CPU
	EndGlobalSection
	GlobalSection(SolutionProperties) = preSolution
		HideSolutionNode = FALSE
	EndGlobalSection
	GlobalSection(ExtensibilityGlobals) = postSolution
		SolutionGuid = {0757C1F2-378E-4A7F-BFD9-BBAC8CA194F9}
	EndGlobalSection
EndGlobal
